// !$*UTF8*$!
{
	archiveVersion = 1;
	classes = {
	};
	objectVersion = 48;
	objects = {

/* Begin PBXBuildFile section */
		0C5A071C20AE7CAC007B0D34 /* ZYProfileHeaderView.m in Sources */ = {isa = PBXBuildFile; fileRef = 0C5A071B20AE7CAC007B0D34 /* ZYProfileHeaderView.m */; };
		0C5A071E20AE7CBC007B0D34 /* ZYProfileHeaderView.xib in Resources */ = {isa = PBXBuildFile; fileRef = 0C5A071D20AE7CBC007B0D34 /* ZYProfileHeaderView.xib */; };
		0C5A072120AE8595007B0D34 /* ZYProfileHeaderViewModel.m in Sources */ = {isa = PBXBuildFile; fileRef = 0C5A072020AE8595007B0D34 /* ZYProfileHeaderViewModel.m */; };
		0C5A072420AEC6BE007B0D34 /* UIImage+ZY.m in Sources */ = {isa = PBXBuildFile; fileRef = 0C5A072320AEC6BD007B0D34 /* UIImage+ZY.m */; };
		0C5A072720AEDAD5007B0D34 /* UIViewController+ZY.m in Sources */ = {isa = PBXBuildFile; fileRef = 0C5A072620AEDAD5007B0D34 /* UIViewController+ZY.m */; };
		0C5A073720B2612F007B0D34 /* ZYHttpTool.m in Sources */ = {isa = PBXBuildFile; fileRef = 0C5A073620B2612F007B0D34 /* ZYHttpTool.m */; };
		0C61620C20D1219000B777DA /* ZYHomeViewController.m in Sources */ = {isa = PBXBuildFile; fileRef = 0C61620B20D1219000B777DA /* ZYHomeViewController.m */; };
		0C61620F20D203AA00B777DA /* ZYHomeHttpTool.m in Sources */ = {isa = PBXBuildFile; fileRef = 0C61620E20D203AA00B777DA /* ZYHomeHttpTool.m */; };
		0C61621320D2552400B777DA /* ZYProfileWalletItem.m in Sources */ = {isa = PBXBuildFile; fileRef = 0C61621220D2552400B777DA /* ZYProfileWalletItem.m */; };
		0C61621720D258BF00B777DA /* ZYMyWalletController.m in Sources */ = {isa = PBXBuildFile; fileRef = 0C61621620D258BF00B777DA /* ZYMyWalletController.m */; };
		0CA37B0320C0E9DB0075D840 /* ZYProfileHttpTool.m in Sources */ = {isa = PBXBuildFile; fileRef = 0CA37B0220C0E9DA0075D840 /* ZYProfileHttpTool.m */; };
		0CA37B0620C123220075D840 /* ZYBaseHttpTool.m in Sources */ = {isa = PBXBuildFile; fileRef = 0CA37B0520C123220075D840 /* ZYBaseHttpTool.m */; };
		0CA37B0B20C4E34E0075D840 /* ZYLoginResutItem.m in Sources */ = {isa = PBXBuildFile; fileRef = 0CA37B0A20C4E34E0075D840 /* ZYLoginResutItem.m */; };
		0CA37B0E20C4E6860075D840 /* ZYUserItem.m in Sources */ = {isa = PBXBuildFile; fileRef = 0CA37B0D20C4E6860075D840 /* ZYUserItem.m */; };
		0CA37B1120C67B240075D840 /* ZYUserTool.m in Sources */ = {isa = PBXBuildFile; fileRef = 0CA37B1020C67B240075D840 /* ZYUserTool.m */; };
		0CA37B1420C7E0190075D840 /* NSString+ZY.m in Sources */ = {isa = PBXBuildFile; fileRef = 0CA37B1320C7E0190075D840 /* NSString+ZY.m */; };
		A482E3AA308D1FE0B7A8AEAD /* Pods_MVVMXBBX.framework in Frameworks */ = {isa = PBXBuildFile; fileRef = AEF0977223E1FC15820BF5CC /* Pods_MVVMXBBX.framework */; };
		DD2A202520C3CD7D0001AC18 /* NSURLRequest+ZY.m in Sources */ = {isa = PBXBuildFile; fileRef = DD2A202420C3CD7D0001AC18 /* NSURLRequest+ZY.m */; };
		DD2A202820C3EAE20001AC18 /* NSURLResponse+ZY.m in Sources */ = {isa = PBXBuildFile; fileRef = DD2A202720C3EAE20001AC18 /* NSURLResponse+ZY.m */; };
		DD2E162920A9835400C1E7C9 /* UIView+ZY.m in Sources */ = {isa = PBXBuildFile; fileRef = DD2E162820A9835400C1E7C9 /* UIView+ZY.m */; };
		FCDB56D420A1A8C0009E7AEF /* Main.storyboard in Resources */ = {isa = PBXBuildFile; fileRef = FCDB56D220A1A8C0009E7AEF /* Main.storyboard */; };
		FCDB56D620A1A8C0009E7AEF /* Assets.xcassets in Resources */ = {isa = PBXBuildFile; fileRef = FCDB56D520A1A8C0009E7AEF /* Assets.xcassets */; };
		FCDB56D920A1A8C0009E7AEF /* LaunchScreen.storyboard in Resources */ = {isa = PBXBuildFile; fileRef = FCDB56D720A1A8C0009E7AEF /* LaunchScreen.storyboard */; };
		FCDB56EE20A2F3C7009E7AEF /* ViewController.m in Sources */ = {isa = PBXBuildFile; fileRef = FCDB56E520A2F3C7009E7AEF /* ViewController.m */; };
		FCDB56EF20A2F3C7009E7AEF /* AppDelegate.m in Sources */ = {isa = PBXBuildFile; fileRef = FCDB56E920A2F3C7009E7AEF /* AppDelegate.m */; };
		FCDB56F020A2F3C7009E7AEF /* Info.plist in Resources */ = {isa = PBXBuildFile; fileRef = FCDB56EA20A2F3C7009E7AEF /* Info.plist */; };
		FCDB56F120A2F3C7009E7AEF /* main.m in Sources */ = {isa = PBXBuildFile; fileRef = FCDB56EB20A2F3C7009E7AEF /* main.m */; };
		FCDB56F420A2F55D009E7AEF /* ZYProfileViewController.m in Sources */ = {isa = PBXBuildFile; fileRef = FCDB56F320A2F55D009E7AEF /* ZYProfileViewController.m */; };
		FCDB56F720A2F694009E7AEF /* ZYLoginView.m in Sources */ = {isa = PBXBuildFile; fileRef = FCDB56F620A2F694009E7AEF /* ZYLoginView.m */; };
		FCDB56F920A2F700009E7AEF /* ZYLoginView.xib in Resources */ = {isa = PBXBuildFile; fileRef = FCDB56F820A2F700009E7AEF /* ZYLoginView.xib */; };
		FCE6A86320A42FF600B6D42F /* ZYLogViewModel.m in Sources */ = {isa = PBXBuildFile; fileRef = FCE6A86220A42FF600B6D42F /* ZYLogViewModel.m */; };
/* End PBXBuildFile section */

/* Begin PBXFileReference section */
		0C5A071A20AE7CAC007B0D34 /* ZYProfileHeaderView.h */ = {isa = PBXFileReference; lastKnownFileType = sourcecode.c.h; path = ZYProfileHeaderView.h; sourceTree = "<group>"; };
		0C5A071B20AE7CAC007B0D34 /* ZYProfileHeaderView.m */ = {isa = PBXFileReference; lastKnownFileType = sourcecode.c.objc; path = ZYProfileHeaderView.m; sourceTree = "<group>"; };
		0C5A071D20AE7CBC007B0D34 /* ZYProfileHeaderView.xib */ = {isa = PBXFileReference; lastKnownFileType = file.xib; path = ZYProfileHeaderView.xib; sourceTree = "<group>"; };
		0C5A071F20AE8595007B0D34 /* ZYProfileHeaderViewModel.h */ = {isa = PBXFileReference; lastKnownFileType = sourcecode.c.h; path = ZYProfileHeaderViewModel.h; sourceTree = "<group>"; };
		0C5A072020AE8595007B0D34 /* ZYProfileHeaderViewModel.m */ = {isa = PBXFileReference; lastKnownFileType = sourcecode.c.objc; path = ZYProfileHeaderViewModel.m; sourceTree = "<group>"; };
		0C5A072220AEC6BD007B0D34 /* UIImage+ZY.h */ = {isa = PBXFileReference; lastKnownFileType = sourcecode.c.h; path = "UIImage+ZY.h"; sourceTree = "<group>"; };
		0C5A072320AEC6BD007B0D34 /* UIImage+ZY.m */ = {isa = PBXFileReference; lastKnownFileType = sourcecode.c.objc; path = "UIImage+ZY.m"; sourceTree = "<group>"; };
		0C5A072520AEDAD5007B0D34 /* UIViewController+ZY.h */ = {isa = PBXFileReference; lastKnownFileType = sourcecode.c.h; path = "UIViewController+ZY.h"; sourceTree = "<group>"; };
		0C5A072620AEDAD5007B0D34 /* UIViewController+ZY.m */ = {isa = PBXFileReference; lastKnownFileType = sourcecode.c.objc; path = "UIViewController+ZY.m"; sourceTree = "<group>"; };
		0C5A073520B2612F007B0D34 /* ZYHttpTool.h */ = {isa = PBXFileReference; fileEncoding = 4; lastKnownFileType = sourcecode.c.h; path = ZYHttpTool.h; sourceTree = "<group>"; };
		0C5A073620B2612F007B0D34 /* ZYHttpTool.m */ = {isa = PBXFileReference; fileEncoding = 4; lastKnownFileType = sourcecode.c.objc; path = ZYHttpTool.m; sourceTree = "<group>"; };
		0C61620A20D1219000B777DA /* ZYHomeViewController.h */ = {isa = PBXFileReference; lastKnownFileType = sourcecode.c.h; path = ZYHomeViewController.h; sourceTree = "<group>"; };
		0C61620B20D1219000B777DA /* ZYHomeViewController.m */ = {isa = PBXFileReference; lastKnownFileType = sourcecode.c.objc; path = ZYHomeViewController.m; sourceTree = "<group>"; };
		0C61620D20D203AA00B777DA /* ZYHomeHttpTool.h */ = {isa = PBXFileReference; lastKnownFileType = sourcecode.c.h; path = ZYHomeHttpTool.h; sourceTree = "<group>"; };
		0C61620E20D203AA00B777DA /* ZYHomeHttpTool.m */ = {isa = PBXFileReference; lastKnownFileType = sourcecode.c.objc; path = ZYHomeHttpTool.m; sourceTree = "<group>"; };
		0C61621020D21AAE00B777DA /* MVVMXBBX.pch */ = {isa = PBXFileReference; lastKnownFileType = sourcecode.c.h; path = MVVMXBBX.pch; sourceTree = "<group>"; };
		0C61621120D2552400B777DA /* ZYProfileWalletItem.h */ = {isa = PBXFileReference; lastKnownFileType = sourcecode.c.h; path = ZYProfileWalletItem.h; sourceTree = "<group>"; };
		0C61621220D2552400B777DA /* ZYProfileWalletItem.m */ = {isa = PBXFileReference; lastKnownFileType = sourcecode.c.objc; path = ZYProfileWalletItem.m; sourceTree = "<group>"; };
		0C61621520D258BF00B777DA /* ZYMyWalletController.h */ = {isa = PBXFileReference; lastKnownFileType = sourcecode.c.h; path = ZYMyWalletController.h; sourceTree = "<group>"; };
		0C61621620D258BF00B777DA /* ZYMyWalletController.m */ = {isa = PBXFileReference; lastKnownFileType = sourcecode.c.objc; path = ZYMyWalletController.m; sourceTree = "<group>"; };
		0CA37B0120C0E9DA0075D840 /* ZYProfileHttpTool.h */ = {isa = PBXFileReference; lastKnownFileType = sourcecode.c.h; path = ZYProfileHttpTool.h; sourceTree = "<group>"; };
		0CA37B0220C0E9DA0075D840 /* ZYProfileHttpTool.m */ = {isa = PBXFileReference; lastKnownFileType = sourcecode.c.objc; path = ZYProfileHttpTool.m; sourceTree = "<group>"; };
		0CA37B0420C123220075D840 /* ZYBaseHttpTool.h */ = {isa = PBXFileReference; lastKnownFileType = sourcecode.c.h; path = ZYBaseHttpTool.h; sourceTree = "<group>"; };
		0CA37B0520C123220075D840 /* ZYBaseHttpTool.m */ = {isa = PBXFileReference; lastKnownFileType = sourcecode.c.objc; path = ZYBaseHttpTool.m; sourceTree = "<group>"; };
		0CA37B0720C1296F0075D840 /* ZYSharedable.h */ = {isa = PBXFileReference; lastKnownFileType = sourcecode.c.h; path = ZYSharedable.h; sourceTree = "<group>"; };
		0CA37B0920C4E34E0075D840 /* ZYLoginResutItem.h */ = {isa = PBXFileReference; lastKnownFileType = sourcecode.c.h; path = ZYLoginResutItem.h; sourceTree = "<group>"; };
		0CA37B0A20C4E34E0075D840 /* ZYLoginResutItem.m */ = {isa = PBXFileReference; lastKnownFileType = sourcecode.c.objc; path = ZYLoginResutItem.m; sourceTree = "<group>"; };
		0CA37B0C20C4E6860075D840 /* ZYUserItem.h */ = {isa = PBXFileReference; lastKnownFileType = sourcecode.c.h; path = ZYUserItem.h; sourceTree = "<group>"; };
		0CA37B0D20C4E6860075D840 /* ZYUserItem.m */ = {isa = PBXFileReference; lastKnownFileType = sourcecode.c.objc; path = ZYUserItem.m; sourceTree = "<group>"; };
		0CA37B0F20C67B240075D840 /* ZYUserTool.h */ = {isa = PBXFileReference; lastKnownFileType = sourcecode.c.h; path = ZYUserTool.h; sourceTree = "<group>"; };
		0CA37B1020C67B240075D840 /* ZYUserTool.m */ = {isa = PBXFileReference; lastKnownFileType = sourcecode.c.objc; path = ZYUserTool.m; sourceTree = "<group>"; };
		0CA37B1220C7E0190075D840 /* NSString+ZY.h */ = {isa = PBXFileReference; lastKnownFileType = sourcecode.c.h; path = "NSString+ZY.h"; sourceTree = "<group>"; };
		0CA37B1320C7E0190075D840 /* NSString+ZY.m */ = {isa = PBXFileReference; lastKnownFileType = sourcecode.c.objc; path = "NSString+ZY.m"; sourceTree = "<group>"; };
		53EA23ACF22506D07637EC60 /* Pods-MVVMXBBX.release.xcconfig */ = {isa = PBXFileReference; includeInIndex = 1; lastKnownFileType = text.xcconfig; name = "Pods-MVVMXBBX.release.xcconfig"; path = "Pods/Target Support Files/Pods-MVVMXBBX/Pods-MVVMXBBX.release.xcconfig"; sourceTree = "<group>"; };
		AEF0977223E1FC15820BF5CC /* Pods_MVVMXBBX.framework */ = {isa = PBXFileReference; explicitFileType = wrapper.framework; includeInIndex = 0; path = Pods_MVVMXBBX.framework; sourceTree = BUILT_PRODUCTS_DIR; };
		DD2A202320C3CD7D0001AC18 /* NSURLRequest+ZY.h */ = {isa = PBXFileReference; lastKnownFileType = sourcecode.c.h; path = "NSURLRequest+ZY.h"; sourceTree = "<group>"; };
		DD2A202420C3CD7D0001AC18 /* NSURLRequest+ZY.m */ = {isa = PBXFileReference; lastKnownFileType = sourcecode.c.objc; path = "NSURLRequest+ZY.m"; sourceTree = "<group>"; };
		DD2A202620C3EAE20001AC18 /* NSURLResponse+ZY.h */ = {isa = PBXFileReference; lastKnownFileType = sourcecode.c.h; path = "NSURLResponse+ZY.h"; sourceTree = "<group>"; };
		DD2A202720C3EAE20001AC18 /* NSURLResponse+ZY.m */ = {isa = PBXFileReference; lastKnownFileType = sourcecode.c.objc; path = "NSURLResponse+ZY.m"; sourceTree = "<group>"; };
		DD2E162720A9835400C1E7C9 /* UIView+ZY.h */ = {isa = PBXFileReference; lastKnownFileType = sourcecode.c.h; path = "UIView+ZY.h"; sourceTree = "<group>"; };
		DD2E162820A9835400C1E7C9 /* UIView+ZY.m */ = {isa = PBXFileReference; lastKnownFileType = sourcecode.c.objc; path = "UIView+ZY.m"; sourceTree = "<group>"; };
		DFA55980665EA08D47826424 /* Pods-MVVMXBBX.debug.xcconfig */ = {isa = PBXFileReference; includeInIndex = 1; lastKnownFileType = text.xcconfig; name = "Pods-MVVMXBBX.debug.xcconfig"; path = "Pods/Target Support Files/Pods-MVVMXBBX/Pods-MVVMXBBX.debug.xcconfig"; sourceTree = "<group>"; };
		FCDB56C920A1A8BD009E7AEF /* MVVMXBBX.app */ = {isa = PBXFileReference; explicitFileType = wrapper.application; includeInIndex = 0; path = MVVMXBBX.app; sourceTree = BUILT_PRODUCTS_DIR; };
		FCDB56D320A1A8C0009E7AEF /* Base */ = {isa = PBXFileReference; lastKnownFileType = file.storyboard; name = Base; path = Base.lproj/Main.storyboard; sourceTree = "<group>"; };
		FCDB56D520A1A8C0009E7AEF /* Assets.xcassets */ = {isa = PBXFileReference; lastKnownFileType = folder.assetcatalog; path = Assets.xcassets; sourceTree = "<group>"; };
		FCDB56D820A1A8C0009E7AEF /* Base */ = {isa = PBXFileReference; lastKnownFileType = file.storyboard; name = Base; path = Base.lproj/LaunchScreen.storyboard; sourceTree = "<group>"; };
		FCDB56E420A2F3C7009E7AEF /* ViewController.h */ = {isa = PBXFileReference; fileEncoding = 4; lastKnownFileType = sourcecode.c.h; path = ViewController.h; sourceTree = "<group>"; };
		FCDB56E520A2F3C7009E7AEF /* ViewController.m */ = {isa = PBXFileReference; fileEncoding = 4; lastKnownFileType = sourcecode.c.objc; path = ViewController.m; sourceTree = "<group>"; };
		FCDB56E820A2F3C7009E7AEF /* AppDelegate.h */ = {isa = PBXFileReference; fileEncoding = 4; lastKnownFileType = sourcecode.c.h; path = AppDelegate.h; sourceTree = "<group>"; };
		FCDB56E920A2F3C7009E7AEF /* AppDelegate.m */ = {isa = PBXFileReference; fileEncoding = 4; lastKnownFileType = sourcecode.c.objc; path = AppDelegate.m; sourceTree = "<group>"; };
		FCDB56EA20A2F3C7009E7AEF /* Info.plist */ = {isa = PBXFileReference; fileEncoding = 4; lastKnownFileType = text.plist.xml; path = Info.plist; sourceTree = "<group>"; };
		FCDB56EB20A2F3C7009E7AEF /* main.m */ = {isa = PBXFileReference; fileEncoding = 4; lastKnownFileType = sourcecode.c.objc; path = main.m; sourceTree = "<group>"; };
		FCDB56F220A2F55D009E7AEF /* ZYProfileViewController.h */ = {isa = PBXFileReference; lastKnownFileType = sourcecode.c.h; path = ZYProfileViewController.h; sourceTree = "<group>"; };
		FCDB56F320A2F55D009E7AEF /* ZYProfileViewController.m */ = {isa = PBXFileReference; lastKnownFileType = sourcecode.c.objc; path = ZYProfileViewController.m; sourceTree = "<group>"; };
		FCDB56F520A2F694009E7AEF /* ZYLoginView.h */ = {isa = PBXFileReference; lastKnownFileType = sourcecode.c.h; path = ZYLoginView.h; sourceTree = "<group>"; };
		FCDB56F620A2F694009E7AEF /* ZYLoginView.m */ = {isa = PBXFileReference; lastKnownFileType = sourcecode.c.objc; path = ZYLoginView.m; sourceTree = "<group>"; };
		FCDB56F820A2F700009E7AEF /* ZYLoginView.xib */ = {isa = PBXFileReference; lastKnownFileType = file.xib; path = ZYLoginView.xib; sourceTree = "<group>"; };
		FCE6A86120A42FF600B6D42F /* ZYLogViewModel.h */ = {isa = PBXFileReference; lastKnownFileType = sourcecode.c.h; path = ZYLogViewModel.h; sourceTree = "<group>"; };
		FCE6A86220A42FF600B6D42F /* ZYLogViewModel.m */ = {isa = PBXFileReference; lastKnownFileType = sourcecode.c.objc; path = ZYLogViewModel.m; sourceTree = "<group>"; };
/* End PBXFileReference section */

/* Begin PBXFrameworksBuildPhase section */
		FCDB56C620A1A8BD009E7AEF /* Frameworks */ = {
			isa = PBXFrameworksBuildPhase;
			buildActionMask = 2147483647;
			files = (
				A482E3AA308D1FE0B7A8AEAD /* Pods_MVVMXBBX.framework in Frameworks */,
			);
			runOnlyForDeploymentPostprocessing = 0;
		};
/* End PBXFrameworksBuildPhase section */

/* Begin PBXGroup section */
		06A9E1D59E08FC537957E09A /* Frameworks */ = {
			isa = PBXGroup;
			children = (
				AEF0977223E1FC15820BF5CC /* Pods_MVVMXBBX.framework */,
			);
			name = Frameworks;
			sourceTree = "<group>";
		};
		0C5A073420B2610E007B0D34 /* Tools */ = {
			isa = PBXGroup;
			children = (
				0C5A073520B2612F007B0D34 /* ZYHttpTool.h */,
				0C5A073620B2612F007B0D34 /* ZYHttpTool.m */,
				0CA37B0120C0E9DA0075D840 /* ZYProfileHttpTool.h */,
				0CA37B0220C0E9DA0075D840 /* ZYProfileHttpTool.m */,
				0CA37B0420C123220075D840 /* ZYBaseHttpTool.h */,
				0CA37B0520C123220075D840 /* ZYBaseHttpTool.m */,
				0CA37B0720C1296F0075D840 /* ZYSharedable.h */,
				0CA37B0F20C67B240075D840 /* ZYUserTool.h */,
				0CA37B1020C67B240075D840 /* ZYUserTool.m */,
				0C61620D20D203AA00B777DA /* ZYHomeHttpTool.h */,
				0C61620E20D203AA00B777DA /* ZYHomeHttpTool.m */,
			);
			path = Tools;
			sourceTree = "<group>";
		};
		0C61621420D2589600B777DA /* Profile */ = {
			isa = PBXGroup;
			children = (
				FCDB56F220A2F55D009E7AEF /* ZYProfileViewController.h */,
				FCDB56F320A2F55D009E7AEF /* ZYProfileViewController.m */,
				0C61621520D258BF00B777DA /* ZYMyWalletController.h */,
				0C61621620D258BF00B777DA /* ZYMyWalletController.m */,
			);
			path = Profile;
			sourceTree = "<group>";
		};
		259FFA2DD91466C617DC3FFD /* Pods */ = {
			isa = PBXGroup;
			children = (
				DFA55980665EA08D47826424 /* Pods-MVVMXBBX.debug.xcconfig */,
				53EA23ACF22506D07637EC60 /* Pods-MVVMXBBX.release.xcconfig */,
			);
			name = Pods;
			sourceTree = "<group>";
		};
		DD2E162620A9819A00C1E7C9 /* category */ = {
			isa = PBXGroup;
			children = (
				DD2E162720A9835400C1E7C9 /* UIView+ZY.h */,
				DD2E162820A9835400C1E7C9 /* UIView+ZY.m */,
				0C5A072220AEC6BD007B0D34 /* UIImage+ZY.h */,
				0C5A072320AEC6BD007B0D34 /* UIImage+ZY.m */,
				0C5A072520AEDAD5007B0D34 /* UIViewController+ZY.h */,
				0C5A072620AEDAD5007B0D34 /* UIViewController+ZY.m */,
				DD2A202320C3CD7D0001AC18 /* NSURLRequest+ZY.h */,
				DD2A202420C3CD7D0001AC18 /* NSURLRequest+ZY.m */,
				DD2A202620C3EAE20001AC18 /* NSURLResponse+ZY.h */,
				DD2A202720C3EAE20001AC18 /* NSURLResponse+ZY.m */,
				0CA37B1220C7E0190075D840 /* NSString+ZY.h */,
				0CA37B1320C7E0190075D840 /* NSString+ZY.m */,
			);
			path = category;
			sourceTree = "<group>";
		};
		FCDB56C020A1A8BB009E7AEF = {
			isa = PBXGroup;
			children = (
				FCDB56CB20A1A8BD009E7AEF /* MVVMXBBX */,
				FCDB56CA20A1A8BD009E7AEF /* Products */,
				259FFA2DD91466C617DC3FFD /* Pods */,
				06A9E1D59E08FC537957E09A /* Frameworks */,
			);
			sourceTree = "<group>";
		};
		FCDB56CA20A1A8BD009E7AEF /* Products */ = {
			isa = PBXGroup;
			children = (
				FCDB56C920A1A8BD009E7AEF /* MVVMXBBX.app */,
			);
			name = Products;
			sourceTree = "<group>";
		};
		FCDB56CB20A1A8BD009E7AEF /* MVVMXBBX */ = {
			isa = PBXGroup;
			children = (
				FCDB56E220A2F3C7009E7AEF /* Class */,
				FCDB56D220A1A8C0009E7AEF /* Main.storyboard */,
				FCDB56D520A1A8C0009E7AEF /* Assets.xcassets */,
				FCDB56D720A1A8C0009E7AEF /* LaunchScreen.storyboard */,
			);
			path = MVVMXBBX;
			sourceTree = "<group>";
		};
		FCDB56E220A2F3C7009E7AEF /* Class */ = {
			isa = PBXGroup;
			children = (
				FCDB56E320A2F3C7009E7AEF /* Controller */,
				FCDB56E620A2F3C7009E7AEF /* Model */,
				FCDB56EC20A2F3C7009E7AEF /* View */,
				FCDB56ED20A2F3C7009E7AEF /* ViewModel */,
				FCDB56E720A2F3C7009E7AEF /* Other */,
			);
			path = Class;
			sourceTree = "<group>";
		};
		FCDB56E320A2F3C7009E7AEF /* Controller */ = {
			isa = PBXGroup;
			children = (
				0C61621420D2589600B777DA /* Profile */,
				FCDB56E420A2F3C7009E7AEF /* ViewController.h */,
				FCDB56E520A2F3C7009E7AEF /* ViewController.m */,
				0C61620A20D1219000B777DA /* ZYHomeViewController.h */,
				0C61620B20D1219000B777DA /* ZYHomeViewController.m */,
			);
			path = Controller;
			sourceTree = "<group>";
		};
		FCDB56E620A2F3C7009E7AEF /* Model */ = {
			isa = PBXGroup;
			children = (
				0CA37B0920C4E34E0075D840 /* ZYLoginResutItem.h */,
				0CA37B0A20C4E34E0075D840 /* ZYLoginResutItem.m */,
				0CA37B0C20C4E6860075D840 /* ZYUserItem.h */,
				0CA37B0D20C4E6860075D840 /* ZYUserItem.m */,
				0C61621120D2552400B777DA /* ZYProfileWalletItem.h */,
				0C61621220D2552400B777DA /* ZYProfileWalletItem.m */,
			);
			path = Model;
			sourceTree = "<group>";
		};
		FCDB56E720A2F3C7009E7AEF /* Other */ = {
			isa = PBXGroup;
			children = (
				0C5A073420B2610E007B0D34 /* Tools */,
				DD2E162620A9819A00C1E7C9 /* category */,
				FCDB56E820A2F3C7009E7AEF /* AppDelegate.h */,
				FCDB56E920A2F3C7009E7AEF /* AppDelegate.m */,
				FCDB56EA20A2F3C7009E7AEF /* Info.plist */,
				FCDB56EB20A2F3C7009E7AEF /* main.m */,
				0C61621020D21AAE00B777DA /* MVVMXBBX.pch */,
			);
			path = Other;
			sourceTree = "<group>";
		};
		FCDB56EC20A2F3C7009E7AEF /* View */ = {
			isa = PBXGroup;
			children = (
				FCDB56F520A2F694009E7AEF /* ZYLoginView.h */,
				FCDB56F620A2F694009E7AEF /* ZYLoginView.m */,
				FCDB56F820A2F700009E7AEF /* ZYLoginView.xib */,
				0C5A071A20AE7CAC007B0D34 /* ZYProfileHeaderView.h */,
				0C5A071B20AE7CAC007B0D34 /* ZYProfileHeaderView.m */,
				0C5A071D20AE7CBC007B0D34 /* ZYProfileHeaderView.xib */,
			);
			path = View;
			sourceTree = "<group>";
		};
		FCDB56ED20A2F3C7009E7AEF /* ViewModel */ = {
			isa = PBXGroup;
			children = (
				FCE6A86120A42FF600B6D42F /* ZYLogViewModel.h */,
				FCE6A86220A42FF600B6D42F /* ZYLogViewModel.m */,
				0C5A071F20AE8595007B0D34 /* ZYProfileHeaderViewModel.h */,
				0C5A072020AE8595007B0D34 /* ZYProfileHeaderViewModel.m */,
			);
			path = ViewModel;
			sourceTree = "<group>";
		};
/* End PBXGroup section */

/* Begin PBXNativeTarget section */
		FCDB56C820A1A8BD009E7AEF /* MVVMXBBX */ = {
			isa = PBXNativeTarget;
			buildConfigurationList = FCDB56DF20A1A8C0009E7AEF /* Build configuration list for PBXNativeTarget "MVVMXBBX" */;
			buildPhases = (
				EC7E694686E5BB63C2E1BE74 /* [CP] Check Pods Manifest.lock */,
				FCDB56C520A1A8BD009E7AEF /* Sources */,
				FCDB56C620A1A8BD009E7AEF /* Frameworks */,
				FCDB56C720A1A8BD009E7AEF /* Resources */,
				4FC6C9DD46BD1C36D502CC32 /* [CP] Embed Pods Frameworks */,
			);
			buildRules = (
			);
			dependencies = (
			);
			name = MVVMXBBX;
			productName = MVVMXBBX;
			productReference = FCDB56C920A1A8BD009E7AEF /* MVVMXBBX.app */;
			productType = "com.apple.product-type.application";
		};
/* End PBXNativeTarget section */

/* Begin PBXProject section */
		FCDB56C120A1A8BB009E7AEF /* Project object */ = {
			isa = PBXProject;
			attributes = {
				CLASSPREFIX = ZY;
				LastUpgradeCheck = 0920;
				ORGANIZATIONNAME = me2;
				TargetAttributes = {
					FCDB56C820A1A8BD009E7AEF = {
						CreatedOnToolsVersion = 9.2;
						ProvisioningStyle = Automatic;
					};
				};
			};
			buildConfigurationList = FCDB56C420A1A8BB009E7AEF /* Build configuration list for PBXProject "MVVMXBBX" */;
			compatibilityVersion = "Xcode 8.0";
			developmentRegion = en;
			hasScannedForEncodings = 0;
			knownRegions = (
				en,
				Base,
			);
			mainGroup = FCDB56C020A1A8BB009E7AEF;
			productRefGroup = FCDB56CA20A1A8BD009E7AEF /* Products */;
			projectDirPath = "";
			projectRoot = "";
			targets = (
				FCDB56C820A1A8BD009E7AEF /* MVVMXBBX */,
			);
		};
/* End PBXProject section */

/* Begin PBXResourcesBuildPhase section */
		FCDB56C720A1A8BD009E7AEF /* Resources */ = {
			isa = PBXResourcesBuildPhase;
			buildActionMask = 2147483647;
			files = (
				FCDB56F020A2F3C7009E7AEF /* Info.plist in Resources */,
				FCDB56D920A1A8C0009E7AEF /* LaunchScreen.storyboard in Resources */,
				FCDB56D620A1A8C0009E7AEF /* Assets.xcassets in Resources */,
				FCDB56F920A2F700009E7AEF /* ZYLoginView.xib in Resources */,
				0C5A071E20AE7CBC007B0D34 /* ZYProfileHeaderView.xib in Resources */,
				FCDB56D420A1A8C0009E7AEF /* Main.storyboard in Resources */,
			);
			runOnlyForDeploymentPostprocessing = 0;
		};
/* End PBXResourcesBuildPhase section */

/* Begin PBXShellScriptBuildPhase section */
		4FC6C9DD46BD1C36D502CC32 /* [CP] Embed Pods Frameworks */ = {
			isa = PBXShellScriptBuildPhase;
			buildActionMask = 2147483647;
			files = (
			);
			inputPaths = (
				"${SRCROOT}/Pods/Target Support Files/Pods-MVVMXBBX/Pods-MVVMXBBX-frameworks.sh",
				"${BUILT_PRODUCTS_DIR}/MJExtension/MJExtension.framework",
				"${BUILT_PRODUCTS_DIR}/ReactiveObjC/ReactiveObjC.framework",
				"${BUILT_PRODUCTS_DIR}/SVProgressHUD/SVProgressHUD.framework",
			);
			name = "[CP] Embed Pods Frameworks";
			outputPaths = (
				"${TARGET_BUILD_DIR}/${FRAMEWORKS_FOLDER_PATH}/MJExtension.framework",
				"${TARGET_BUILD_DIR}/${FRAMEWORKS_FOLDER_PATH}/ReactiveObjC.framework",
				"${TARGET_BUILD_DIR}/${FRAMEWORKS_FOLDER_PATH}/SVProgressHUD.framework",
			);
			runOnlyForDeploymentPostprocessing = 0;
			shellPath = /bin/sh;
			shellScript = "\"${SRCROOT}/Pods/Target Support Files/Pods-MVVMXBBX/Pods-MVVMXBBX-frameworks.sh\"\n";
			showEnvVarsInLog = 0;
		};
		EC7E694686E5BB63C2E1BE74 /* [CP] Check Pods Manifest.lock */ = {
			isa = PBXShellScriptBuildPhase;
			buildActionMask = 2147483647;
			files = (
			);
			inputPaths = (
				"${PODS_PODFILE_DIR_PATH}/Podfile.lock",
				"${PODS_ROOT}/Manifest.lock",
			);
			name = "[CP] Check Pods Manifest.lock";
			outputPaths = (
				"$(DERIVED_FILE_DIR)/Pods-MVVMXBBX-checkManifestLockResult.txt",
			);
			runOnlyForDeploymentPostprocessing = 0;
			shellPath = /bin/sh;
			shellScript = "diff \"${PODS_PODFILE_DIR_PATH}/Podfile.lock\" \"${PODS_ROOT}/Manifest.lock\" > /dev/null\nif [ $? != 0 ] ; then\n    # print error to STDERR\n    echo \"error: The sandbox is not in sync with the Podfile.lock. Run 'pod install' or update your CocoaPods installation.\" >&2\n    exit 1\nfi\n# This output is used by Xcode 'outputs' to avoid re-running this script phase.\necho \"SUCCESS\" > \"${SCRIPT_OUTPUT_FILE_0}\"\n";
			showEnvVarsInLog = 0;
		};
/* End PBXShellScriptBuildPhase section */

/* Begin PBXSourcesBuildPhase section */
		FCDB56C520A1A8BD009E7AEF /* Sources */ = {
			isa = PBXSourcesBuildPhase;
			buildActionMask = 2147483647;
			files = (
				0C5A071C20AE7CAC007B0D34 /* ZYProfileHeaderView.m in Sources */,
				0CA37B0320C0E9DB0075D840 /* ZYProfileHttpTool.m in Sources */,
				DD2A202520C3CD7D0001AC18 /* NSURLRequest+ZY.m in Sources */,
				FCE6A86320A42FF600B6D42F /* ZYLogViewModel.m in Sources */,
				0C61620C20D1219000B777DA /* ZYHomeViewController.m in Sources */,
				DD2E162920A9835400C1E7C9 /* UIView+ZY.m in Sources */,
				0C5A072720AEDAD5007B0D34 /* UIViewController+ZY.m in Sources */,
				0C5A073720B2612F007B0D34 /* ZYHttpTool.m in Sources */,
				0C5A072120AE8595007B0D34 /* ZYProfileHeaderViewModel.m in Sources */,
				FCDB56EF20A2F3C7009E7AEF /* AppDelegate.m in Sources */,
				FCDB56F120A2F3C7009E7AEF /* main.m in Sources */,
				0CA37B1120C67B240075D840 /* ZYUserTool.m in Sources */,
				0CA37B0E20C4E6860075D840 /* ZYUserItem.m in Sources */,
				FCDB56EE20A2F3C7009E7AEF /* ViewController.m in Sources */,
				0C61621320D2552400B777DA /* ZYProfileWalletItem.m in Sources */,
				FCDB56F720A2F694009E7AEF /* ZYLoginView.m in Sources */,
				0CA37B0620C123220075D840 /* ZYBaseHttpTool.m in Sources */,
				0C5A072420AEC6BE007B0D34 /* UIImage+ZY.m in Sources */,
				DD2A202820C3EAE20001AC18 /* NSURLResponse+ZY.m in Sources */,
				FCDB56F420A2F55D009E7AEF /* ZYProfileViewController.m in Sources */,
				0C61620F20D203AA00B777DA /* ZYHomeHttpTool.m in Sources */,
				0CA37B1420C7E0190075D840 /* NSString+ZY.m in Sources */,
				0CA37B0B20C4E34E0075D840 /* ZYLoginResutItem.m in Sources */,
				0C61621720D258BF00B777DA /* ZYMyWalletController.m in Sources */,
			);
			runOnlyForDeploymentPostprocessing = 0;
		};
/* End PBXSourcesBuildPhase section */

/* Begin PBXVariantGroup section */
		FCDB56D220A1A8C0009E7AEF /* Main.storyboard */ = {
			isa = PBXVariantGroup;
			children = (
				FCDB56D320A1A8C0009E7AEF /* Base */,
			);
			name = Main.storyboard;
			sourceTree = "<group>";
		};
		FCDB56D720A1A8C0009E7AEF /* LaunchScreen.storyboard */ = {
			isa = PBXVariantGroup;
			children = (
				FCDB56D820A1A8C0009E7AEF /* Base */,
			);
			name = LaunchScreen.storyboard;
			sourceTree = "<group>";
		};
/* End PBXVariantGroup section */

/* Begin XCBuildConfiguration section */
		FCDB56DD20A1A8C0009E7AEF /* Debug */ = {
			isa = XCBuildConfiguration;
			buildSettings = {
				ALWAYS_SEARCH_USER_PATHS = NO;
				CLANG_ANALYZER_NONNULL = YES;
				CLANG_ANALYZER_NUMBER_OBJECT_CONVERSION = YES_AGGRESSIVE;
				CLANG_CXX_LANGUAGE_STANDARD = "gnu++14";
				CLANG_CXX_LIBRARY = "libc++";
				CLANG_ENABLE_MODULES = YES;
				CLANG_ENABLE_OBJC_ARC = YES;
				CLANG_WARN_BLOCK_CAPTURE_AUTORELEASING = YES;
				CLANG_WARN_BOOL_CONVERSION = YES;
				CLANG_WARN_COMMA = YES;
				CLANG_WARN_CONSTANT_CONVERSION = YES;
				CLANG_WARN_DIRECT_OBJC_ISA_USAGE = YES_ERROR;
				CLANG_WARN_DOCUMENTATION_COMMENTS = YES;
				CLANG_WARN_EMPTY_BODY = YES;
				CLANG_WARN_ENUM_CONVERSION = YES;
				CLANG_WARN_INFINITE_RECURSION = YES;
				CLANG_WARN_INT_CONVERSION = YES;
				CLANG_WARN_NON_LITERAL_NULL_CONVERSION = YES;
				CLANG_WARN_OBJC_LITERAL_CONVERSION = YES;
				CLANG_WARN_OBJC_ROOT_CLASS = YES_ERROR;
				CLANG_WARN_RANGE_LOOP_ANALYSIS = YES;
				CLANG_WARN_STRICT_PROTOTYPES = YES;
				CLANG_WARN_SUSPICIOUS_MOVE = YES;
				CLANG_WARN_UNGUARDED_AVAILABILITY = YES_AGGRESSIVE;
				CLANG_WARN_UNREACHABLE_CODE = YES;
				CLANG_WARN__DUPLICATE_METHOD_MATCH = YES;
				CODE_SIGN_IDENTITY = "iPhone Developer";
				COPY_PHASE_STRIP = NO;
				DEBUG_INFORMATION_FORMAT = dwarf;
				ENABLE_STRICT_OBJC_MSGSEND = YES;
				ENABLE_TESTABILITY = YES;
				GCC_C_LANGUAGE_STANDARD = gnu11;
				GCC_DYNAMIC_NO_PIC = NO;
				GCC_NO_COMMON_BLOCKS = YES;
				GCC_OPTIMIZATION_LEVEL = 0;
				GCC_PREPROCESSOR_DEFINITIONS = (
					"DEBUG=1",
					"$(inherited)",
				);
				GCC_WARN_64_TO_32_BIT_CONVERSION = YES;
				GCC_WARN_ABOUT_RETURN_TYPE = YES_ERROR;
				GCC_WARN_UNDECLARED_SELECTOR = YES;
				GCC_WARN_UNINITIALIZED_AUTOS = YES_AGGRESSIVE;
				GCC_WARN_UNUSED_FUNCTION = YES;
				GCC_WARN_UNUSED_VARIABLE = YES;
				IPHONEOS_DEPLOYMENT_TARGET = 11.2;
				MTL_ENABLE_DEBUG_INFO = YES;
				ONLY_ACTIVE_ARCH = YES;
				SDKROOT = iphoneos;
			};
			name = Debug;
		};
		FCDB56DE20A1A8C0009E7AEF /* Release */ = {
			isa = XCBuildConfiguration;
			buildSettings = {
				ALWAYS_SEARCH_USER_PATHS = NO;
				CLANG_ANALYZER_NONNULL = YES;
				CLANG_ANALYZER_NUMBER_OBJECT_CONVERSION = YES_AGGRESSIVE;
				CLANG_CXX_LANGUAGE_STANDARD = "gnu++14";
				CLANG_CXX_LIBRARY = "libc++";
				CLANG_ENABLE_MODULES = YES;
				CLANG_ENABLE_OBJC_ARC = YES;
				CLANG_WARN_BLOCK_CAPTURE_AUTORELEASING = YES;
				CLANG_WARN_BOOL_CONVERSION = YES;
				CLANG_WARN_COMMA = YES;
				CLANG_WARN_CONSTANT_CONVERSION = YES;
				CLANG_WARN_DIRECT_OBJC_ISA_USAGE = YES_ERROR;
				CLANG_WARN_DOCUMENTATION_COMMENTS = YES;
				CLANG_WARN_EMPTY_BODY = YES;
				CLANG_WARN_ENUM_CONVERSION = YES;
				CLANG_WARN_INFINITE_RECURSION = YES;
				CLANG_WARN_INT_CONVERSION = YES;
				CLANG_WARN_NON_LITERAL_NULL_CONVERSION = YES;
				CLANG_WARN_OBJC_LITERAL_CONVERSION = YES;
				CLANG_WARN_OBJC_ROOT_CLASS = YES_ERROR;
				CLANG_WARN_RANGE_LOOP_ANALYSIS = YES;
				CLANG_WARN_STRICT_PROTOTYPES = YES;
				CLANG_WARN_SUSPICIOUS_MOVE = YES;
				CLANG_WARN_UNGUARDED_AVAILABILITY = YES_AGGRESSIVE;
				CLANG_WARN_UNREACHABLE_CODE = YES;
				CLANG_WARN__DUPLICATE_METHOD_MATCH = YES;
				CODE_SIGN_IDENTITY = "iPhone Developer";
				COPY_PHASE_STRIP = NO;
				DEBUG_INFORMATION_FORMAT = "dwarf-with-dsym";
				ENABLE_NS_ASSERTIONS = NO;
				ENABLE_STRICT_OBJC_MSGSEND = YES;
				GCC_C_LANGUAGE_STANDARD = gnu11;
				GCC_NO_COMMON_BLOCKS = YES;
				GCC_WARN_64_TO_32_BIT_CONVERSION = YES;
				GCC_WARN_ABOUT_RETURN_TYPE = YES_ERROR;
				GCC_WARN_UNDECLARED_SELECTOR = YES;
				GCC_WARN_UNINITIALIZED_AUTOS = YES_AGGRESSIVE;
				GCC_WARN_UNUSED_FUNCTION = YES;
				GCC_WARN_UNUSED_VARIABLE = YES;
				IPHONEOS_DEPLOYMENT_TARGET = 11.2;
				MTL_ENABLE_DEBUG_INFO = NO;
				SDKROOT = iphoneos;
				VALIDATE_PRODUCT = YES;
			};
			name = Release;
		};
		FCDB56E020A1A8C0009E7AEF /* Debug */ = {
			isa = XCBuildConfiguration;
			baseConfigurationReference = DFA55980665EA08D47826424 /* Pods-MVVMXBBX.debug.xcconfig */;
			buildSettings = {
				ASSETCATALOG_COMPILER_APPICON_NAME = AppIcon;
				CODE_SIGN_STYLE = Automatic;
				DEVELOPMENT_TEAM = H3S239MD82;
				GCC_PRECOMPILE_PREFIX_HEADER = YES;
				GCC_PREFIX_HEADER = "$(SRCROOT)/MVVMXBBX/Class/Other/MVVMXBBX.pch";
				INFOPLIST_FILE = MVVMXBBX/Info.plist;
				IPHONEOS_DEPLOYMENT_TARGET = 9.0;
				LD_RUNPATH_SEARCH_PATHS = "$(inherited) @executable_path/Frameworks";
				PRODUCT_BUNDLE_IDENTIFIER = com.zy.MVVMXBBX;
				PRODUCT_NAME = "$(TARGET_NAME)";
				TARGETED_DEVICE_FAMILY = 1;
			};
			name = Debug;
		};
		FCDB56E120A1A8C0009E7AEF /* Release */ = {
			isa = XCBuildConfiguration;
			baseConfigurationReference = 53EA23ACF22506D07637EC60 /* Pods-MVVMXBBX.release.xcconfig */;
			buildSettings = {
				ASSETCATALOG_COMPILER_APPICON_NAME = AppIcon;
				CODE_SIGN_STYLE = Automatic;
				DEVELOPMENT_TEAM = H3S239MD82;
				GCC_PRECOMPILE_PREFIX_HEADER = YES;
				GCC_PREFIX_HEADER = "$(SRCROOT)/MVVMXBBX/Class/Other/MVVMXBBX.pch";
				INFOPLIST_FILE = MVVMXBBX/Info.plist;
				IPHONEOS_DEPLOYMENT_TARGET = 9.0;
				LD_RUNPATH_SEARCH_PATHS = "$(inherited) @executable_path/Frameworks";
				PRODUCT_BUNDLE_IDENTIFIER = com.zy.MVVMXBBX;
				PRODUCT_NAME = "$(TARGET_NAME)";
				TARGETED_DEVICE_FAMILY = 1;
			};
			name = Release;
		};
/* End XCBuildConfiguration section */

/* Begin XCConfigurationList section */
		FCDB56C420A1A8BB009E7AEF /* Build configuration list for PBXProject "MVVMXBBX" */ = {
			isa = XCConfigurationList;
			buildConfigurations = (
				FCDB56DD20A1A8C0009E7AEF /* Debug */,
				FCDB56DE20A1A8C0009E7AEF /* Release */,
			);
			defaultConfigurationIsVisible = 0;
			defaultConfigurationName = Release;
		};
		FCDB56DF20A1A8C0009E7AEF /* Build configuration list for PBXNativeTarget "MVVMXBBX" */ = {
			isa = XCConfigurationList;
			buildConfigurations = (
				FCDB56E020A1A8C0009E7AEF /* Debug */,
				FCDB56E120A1A8C0009E7AEF /* Release */,
			);
			defaultConfigurationIsVisible = 0;
			defaultConfigurationName = Release;
		};
/* End XCConfigurationList section */
	};
	rootObject = FCDB56C120A1A8BB009E7AEF /* Project object */;
}
